
Microsoft Visual Studio Solution File, Format Version 12.00
# Visual Studio Version 16
VisualStudioVersion = 16.0.35325.158
MinimumVisualStudioVersion = 10.0.40219.1
Project("{FAE04EC0-301F-11D3-BF4B-00C04F79EFBC}") = "8.3", "8.3.csproj", "{672A583B-F3A6-4C9A-B062-809DE31798EA}"
EndProject
Global
	GlobalSection(SolutionConfigurationPlatforms) = preSolution
		Debug|Any CPU = Debug|Any CPU
		Release|Any CPU = Release|Any CPU
	EndGlobalSection
	GlobalSection(ProjectConfigurationPlatforms) = postSolution
		{672A583B-F3A6-4C9A-B062-809DE31798EA}.Debug|Any CPU.ActiveCfg = Debug|Any CPU
		{672A583B-F3A6-4C9A-B062-809DE31798EA}.Debug|Any CPU.Build.0 = Debug|Any CPU
		{672A583B-F3A6-4C9A-B062-809DE31798EA}.Release|Any CPU.ActiveCfg = Release|Any CPU
		{672A583B-F3A6-4C9A-B062-809DE31798EA}.Release|Any CPU.Build.0 = Release|Any CPU
	EndGlobalSection
	GlobalSection(SolutionProperties) = preSolution
		HideSolutionNode = FALSE
	EndGlobalSection
	GlobalSection(ExtensibilityGlobals) = postSolution
		SolutionGuid = {F55481BB-361C-4EAA-990A-22924D7ED78A}
	EndGlobalSection
EndGlobal
