
Microsoft Visual Studio Solution File, Format Version 12.00
# Visual Studio Version 16
VisualStudioVersion = 16.0.35325.158
MinimumVisualStudioVersion = 10.0.40219.1
Project("{FAE04EC0-301F-11D3-BF4B-00C04F79EFBC}") = "8.5", "8.5.csproj", "{D0438569-8A13-4D2A-B20B-9A233A3F7065}"
EndProject
Global
	GlobalSection(SolutionConfigurationPlatforms) = preSolution
		Debug|Any CPU = Debug|Any CPU
		Release|Any CPU = Release|Any CPU
	EndGlobalSection
	GlobalSection(ProjectConfigurationPlatforms) = postSolution
		{D0438569-8A13-4D2A-B20B-9A233A3F7065}.Debug|Any CPU.ActiveCfg = Debug|Any CPU
		{D0438569-8A13-4D2A-B20B-9A233A3F7065}.Debug|Any CPU.Build.0 = Debug|Any CPU
		{D0438569-8A13-4D2A-B20B-9A233A3F7065}.Release|Any CPU.ActiveCfg = Release|Any CPU
		{D0438569-8A13-4D2A-B20B-9A233A3F7065}.Release|Any CPU.Build.0 = Release|Any CPU
	EndGlobalSection
	GlobalSection(SolutionProperties) = preSolution
		HideSolutionNode = FALSE
	EndGlobalSection
	GlobalSection(ExtensibilityGlobals) = postSolution
		SolutionGuid = {504A52F2-5DB6-4549-A5B4-181EF0C70846}
	EndGlobalSection
EndGlobal
